// !$*UTF8*$!
{
	archiveVersion = 1;
	classes = {
	};
	objectVersion = 46;
	objects = {

/* Begin PBXBuildFile section */
		5720EE581BC1ACE900E4F0CB /* AppDelegate.swift in Sources */ = {isa = PBXBuildFile; fileRef = 5720EE571BC1ACE900E4F0CB /* AppDelegate.swift */; };
		5720EE5A1BC1ACE900E4F0CB /* ViewController.swift in Sources */ = {isa = PBXBuildFile; fileRef = 5720EE591BC1ACE900E4F0CB /* ViewController.swift */; };
		5720EE5D1BC1ACE900E4F0CB /* Main.storyboard in Resources */ = {isa = PBXBuildFile; fileRef = 5720EE5B1BC1ACE900E4F0CB /* Main.storyboard */; };
		5720EE5F1BC1ACE900E4F0CB /* Assets.xcassets in Resources */ = {isa = PBXBuildFile; fileRef = 5720EE5E1BC1ACE900E4F0CB /* Assets.xcassets */; };
		5720EE621BC1ACE900E4F0CB /* LaunchScreen.storyboard in Resources */ = {isa = PBXBuildFile; fileRef = 5720EE601BC1ACE900E4F0CB /* LaunchScreen.storyboard */; };
		5720EE741BC1AD3D00E4F0CB /* Keyboard.appex in Embed App Extensions */ = {isa = PBXBuildFile; fileRef = 5720EE6D1BC1AD3D00E4F0CB /* Keyboard.appex */; settings = {ATTRIBUTES = (RemoveHeadersOnCopy, ); }; };
		5720EE831BC1AFEE00E4F0CB /* Config.swift in Sources */ = {isa = PBXBuildFile; fileRef = 5720EE7A1BC1AFEE00E4F0CB /* Config.swift */; settings = {ASSET_TAGS = (); }; };
		5720EE841BC1AFEE00E4F0CB /* Debug.swift in Sources */ = {isa = PBXBuildFile; fileRef = 5720EE7B1BC1AFEE00E4F0CB /* Debug.swift */; settings = {ASSET_TAGS = (); }; };
		5720EE851BC1AFEE00E4F0CB /* Debugger.swift in Sources */ = {isa = PBXBuildFile; fileRef = 5720EE7C1BC1AFEE00E4F0CB /* Debugger.swift */; settings = {ASSET_TAGS = (); }; };
		5720EE861BC1AFEE00E4F0CB /* Dispatch.swift in Sources */ = {isa = PBXBuildFile; fileRef = 5720EE7D1BC1AFEE00E4F0CB /* Dispatch.swift */; settings = {ASSET_TAGS = (); }; };
		5720EE871BC1AFEE00E4F0CB /* EasyCast.swift in Sources */ = {isa = PBXBuildFile; fileRef = 5720EE7E1BC1AFEE00E4F0CB /* EasyCast.swift */; settings = {ASSET_TAGS = (); }; };
		5720EE881BC1AFEE00E4F0CB /* Load.swift in Sources */ = {isa = PBXBuildFile; fileRef = 5720EE7F1BC1AFEE00E4F0CB /* Load.swift */; settings = {ASSET_TAGS = (); }; };
		5720EE891BC1AFEE00E4F0CB /* String+Extension.swift in Sources */ = {isa = PBXBuildFile; fileRef = 5720EE801BC1AFEE00E4F0CB /* String+Extension.swift */; settings = {ASSET_TAGS = (); }; };
		5720EE8A1BC1AFEE00E4F0CB /* UIColor+Extensions.swift in Sources */ = {isa = PBXBuildFile; fileRef = 5720EE811BC1AFEE00E4F0CB /* UIColor+Extensions.swift */; settings = {ASSET_TAGS = (); }; };
		5720EE8B1BC1AFEE00E4F0CB /* ViewContainer.swift in Sources */ = {isa = PBXBuildFile; fileRef = 5720EE821BC1AFEE00E4F0CB /* ViewContainer.swift */; settings = {ASSET_TAGS = (); }; };
		5720EE961BC1B00800E4F0CB /* Key.swift in Sources */ = {isa = PBXBuildFile; fileRef = 5720EE8C1BC1B00800E4F0CB /* Key.swift */; settings = {ASSET_TAGS = (); }; };
		5720EE971BC1B00800E4F0CB /* Key.xib in Resources */ = {isa = PBXBuildFile; fileRef = 5720EE8D1BC1B00800E4F0CB /* Key.xib */; settings = {ASSET_TAGS = (); }; };
		5720EE981BC1B00800E4F0CB /* KeyArt.xcassets in Resources */ = {isa = PBXBuildFile; fileRef = 5720EE8E1BC1B00800E4F0CB /* KeyArt.xcassets */; settings = {ASSET_TAGS = (); }; };
		5720EE991BC1B00800E4F0CB /* Keyboard.swift in Sources */ = {isa = PBXBuildFile; fileRef = 5720EE8F1BC1B00800E4F0CB /* Keyboard.swift */; settings = {ASSET_TAGS = (); }; };
		5720EE9A1BC1B00800E4F0CB /* Keyboard.xib in Resources */ = {isa = PBXBuildFile; fileRef = 5720EE901BC1B00800E4F0CB /* Keyboard.xib */; settings = {ASSET_TAGS = (); }; };
		5720EE9B1BC1B00800E4F0CB /* KeyboardViewController.swift in Sources */ = {isa = PBXBuildFile; fileRef = 5720EE911BC1B00800E4F0CB /* KeyboardViewController.swift */; settings = {ASSET_TAGS = (); }; };
		5720EE9C1BC1B00800E4F0CB /* KeyboardViewController.xib in Resources */ = {isa = PBXBuildFile; fileRef = 5720EE921BC1B00800E4F0CB /* KeyboardViewController.xib */; settings = {ASSET_TAGS = (); }; };
		5720EE9D1BC1B00800E4F0CB /* Row.swift in Sources */ = {isa = PBXBuildFile; fileRef = 5720EE931BC1B00800E4F0CB /* Row.swift */; settings = {ASSET_TAGS = (); }; };
		5720EE9E1BC1B00800E4F0CB /* Row10.xib in Resources */ = {isa = PBXBuildFile; fileRef = 5720EE941BC1B00800E4F0CB /* Row10.xib */; settings = {ASSET_TAGS = (); }; };
		5720EE9F1BC1B00800E4F0CB /* RowControls.xib in Resources */ = {isa = PBXBuildFile; fileRef = 5720EE951BC1B00800E4F0CB /* RowControls.xib */; settings = {ASSET_TAGS = (); }; };
		5720EEA01BC1B02F00E4F0CB /* Config.swift in Sources */ = {isa = PBXBuildFile; fileRef = 5720EE7A1BC1AFEE00E4F0CB /* Config.swift */; settings = {ASSET_TAGS = (); }; };
		5720EEA11BC1B02F00E4F0CB /* Debug.swift in Sources */ = {isa = PBXBuildFile; fileRef = 5720EE7B1BC1AFEE00E4F0CB /* Debug.swift */; settings = {ASSET_TAGS = (); }; };
		5720EEA21BC1B02F00E4F0CB /* Debugger.swift in Sources */ = {isa = PBXBuildFile; fileRef = 5720EE7C1BC1AFEE00E4F0CB /* Debugger.swift */; settings = {ASSET_TAGS = (); }; };
		5720EEA31BC1B02F00E4F0CB /* Dispatch.swift in Sources */ = {isa = PBXBuildFile; fileRef = 5720EE7D1BC1AFEE00E4F0CB /* Dispatch.swift */; settings = {ASSET_TAGS = (); }; };
		5720EEA41BC1B02F00E4F0CB /* EasyCast.swift in Sources */ = {isa = PBXBuildFile; fileRef = 5720EE7E1BC1AFEE00E4F0CB /* EasyCast.swift */; settings = {ASSET_TAGS = (); }; };
		5720EEA51BC1B02F00E4F0CB /* Load.swift in Sources */ = {isa = PBXBuildFile; fileRef = 5720EE7F1BC1AFEE00E4F0CB /* Load.swift */; settings = {ASSET_TAGS = (); }; };
		5720EEA61BC1B02F00E4F0CB /* String+Extension.swift in Sources */ = {isa = PBXBuildFile; fileRef = 5720EE801BC1AFEE00E4F0CB /* String+Extension.swift */; settings = {ASSET_TAGS = (); }; };
		5720EEA71BC1B02F00E4F0CB /* UIColor+Extensions.swift in Sources */ = {isa = PBXBuildFile; fileRef = 5720EE811BC1AFEE00E4F0CB /* UIColor+Extensions.swift */; settings = {ASSET_TAGS = (); }; };
		5720EEA81BC1B02F00E4F0CB /* ViewContainer.swift in Sources */ = {isa = PBXBuildFile; fileRef = 5720EE821BC1AFEE00E4F0CB /* ViewContainer.swift */; settings = {ASSET_TAGS = (); }; };
		5720EEAE1BC1C8AA00E4F0CB /* UIView+Constraints.swift in Sources */ = {isa = PBXBuildFile; fileRef = 5720EEAD1BC1C8AA00E4F0CB /* UIView+Constraints.swift */; settings = {ASSET_TAGS = (); }; };
		5720EEAF1BC1C8AA00E4F0CB /* UIView+Constraints.swift in Sources */ = {isa = PBXBuildFile; fileRef = 5720EEAD1BC1C8AA00E4F0CB /* UIView+Constraints.swift */; settings = {ASSET_TAGS = (); }; };
		5720EEB11BC1CD2D00E4F0CB /* Characters.swift in Sources */ = {isa = PBXBuildFile; fileRef = 5720EEB01BC1CD2D00E4F0CB /* Characters.swift */; settings = {ASSET_TAGS = (); }; };
		5720EEB21BC1CD2D00E4F0CB /* Characters.swift in Sources */ = {isa = PBXBuildFile; fileRef = 5720EEB01BC1CD2D00E4F0CB /* Characters.swift */; settings = {ASSET_TAGS = (); }; };
		5720EEB51BC21CAF00E4F0CB /* Row9.xib in Resources */ = {isa = PBXBuildFile; fileRef = 5720EEB41BC21CAF00E4F0CB /* Row9.xib */; settings = {ASSET_TAGS = (); }; };
/* End PBXBuildFile section */

/* Begin PBXContainerItemProxy section */
		5720EE721BC1AD3D00E4F0CB /* PBXContainerItemProxy */ = {
			isa = PBXContainerItemProxy;
			containerPortal = 5720EE4C1BC1ACE900E4F0CB /* Project object */;
			proxyType = 1;
			remoteGlobalIDString = 5720EE6C1BC1AD3D00E4F0CB;
			remoteInfo = Keyboard;
		};
/* End PBXContainerItemProxy section */

/* Begin PBXCopyFilesBuildPhase section */
		5720EE781BC1AD3D00E4F0CB /* Embed App Extensions */ = {
			isa = PBXCopyFilesBuildPhase;
			buildActionMask = 2147483647;
			dstPath = "";
			dstSubfolderSpec = 13;
			files = (
				5720EE741BC1AD3D00E4F0CB /* Keyboard.appex in Embed App Extensions */,
			);
			name = "Embed App Extensions";
			runOnlyForDeploymentPostprocessing = 0;
		};
/* End PBXCopyFilesBuildPhase section */

/* Begin PBXFileReference section */
		5720EE541BC1ACE900E4F0CB /* ProKeyboard.app */ = {isa = PBXFileReference; explicitFileType = wrapper.application; includeInIndex = 0; path = ProKeyboard.app; sourceTree = BUILT_PRODUCTS_DIR; };
		5720EE571BC1ACE900E4F0CB /* AppDelegate.swift */ = {isa = PBXFileReference; lastKnownFileType = sourcecode.swift; path = AppDelegate.swift; sourceTree = "<group>"; };
		5720EE591BC1ACE900E4F0CB /* ViewController.swift */ = {isa = PBXFileReference; lastKnownFileType = sourcecode.swift; path = ViewController.swift; sourceTree = "<group>"; };
		5720EE5C1BC1ACE900E4F0CB /* Base */ = {isa = PBXFileReference; lastKnownFileType = file.storyboard; name = Base; path = Base.lproj/Main.storyboard; sourceTree = "<group>"; };
		5720EE5E1BC1ACE900E4F0CB /* Assets.xcassets */ = {isa = PBXFileReference; lastKnownFileType = folder.assetcatalog; path = Assets.xcassets; sourceTree = "<group>"; };
		5720EE611BC1ACE900E4F0CB /* Base */ = {isa = PBXFileReference; lastKnownFileType = file.storyboard; name = Base; path = Base.lproj/LaunchScreen.storyboard; sourceTree = "<group>"; };
		5720EE631BC1ACE900E4F0CB /* Info.plist */ = {isa = PBXFileReference; lastKnownFileType = text.plist.xml; path = Info.plist; sourceTree = "<group>"; };
		5720EE6D1BC1AD3D00E4F0CB /* Keyboard.appex */ = {isa = PBXFileReference; explicitFileType = "wrapper.app-extension"; includeInIndex = 0; path = Keyboard.appex; sourceTree = BUILT_PRODUCTS_DIR; };
		5720EE711BC1AD3D00E4F0CB /* Info.plist */ = {isa = PBXFileReference; lastKnownFileType = text.plist.xml; path = Info.plist; sourceTree = "<group>"; };
		5720EE7A1BC1AFEE00E4F0CB /* Config.swift */ = {isa = PBXFileReference; fileEncoding = 4; lastKnownFileType = sourcecode.swift; path = Config.swift; sourceTree = "<group>"; };
		5720EE7B1BC1AFEE00E4F0CB /* Debug.swift */ = {isa = PBXFileReference; fileEncoding = 4; lastKnownFileType = sourcecode.swift; path = Debug.swift; sourceTree = "<group>"; };
		5720EE7C1BC1AFEE00E4F0CB /* Debugger.swift */ = {isa = PBXFileReference; fileEncoding = 4; lastKnownFileType = sourcecode.swift; path = Debugger.swift; sourceTree = "<group>"; };
		5720EE7D1BC1AFEE00E4F0CB /* Dispatch.swift */ = {isa = PBXFileReference; fileEncoding = 4; lastKnownFileType = sourcecode.swift; path = Dispatch.swift; sourceTree = "<group>"; };
		5720EE7E1BC1AFEE00E4F0CB /* EasyCast.swift */ = {isa = PBXFileReference; fileEncoding = 4; lastKnownFileType = sourcecode.swift; path = EasyCast.swift; sourceTree = "<group>"; };
		5720EE7F1BC1AFEE00E4F0CB /* Load.swift */ = {isa = PBXFileReference; fileEncoding = 4; lastKnownFileType = sourcecode.swift; path = Load.swift; sourceTree = "<group>"; };
		5720EE801BC1AFEE00E4F0CB /* String+Extension.swift */ = {isa = PBXFileReference; fileEncoding = 4; lastKnownFileType = sourcecode.swift; path = "String+Extension.swift"; sourceTree = "<group>"; };
		5720EE811BC1AFEE00E4F0CB /* UIColor+Extensions.swift */ = {isa = PBXFileReference; fileEncoding = 4; lastKnownFileType = sourcecode.swift; path = "UIColor+Extensions.swift"; sourceTree = "<group>"; };
		5720EE821BC1AFEE00E4F0CB /* ViewContainer.swift */ = {isa = PBXFileReference; fileEncoding = 4; lastKnownFileType = sourcecode.swift; path = ViewContainer.swift; sourceTree = "<group>"; };
		5720EE8C1BC1B00800E4F0CB /* Key.swift */ = {isa = PBXFileReference; fileEncoding = 4; lastKnownFileType = sourcecode.swift; path = Key.swift; sourceTree = "<group>"; };
		5720EE8D1BC1B00800E4F0CB /* Key.xib */ = {isa = PBXFileReference; fileEncoding = 4; lastKnownFileType = file.xib; path = Key.xib; sourceTree = "<group>"; };
		5720EE8E1BC1B00800E4F0CB /* KeyArt.xcassets */ = {isa = PBXFileReference; lastKnownFileType = folder.assetcatalog; path = KeyArt.xcassets; sourceTree = "<group>"; };
		5720EE8F1BC1B00800E4F0CB /* Keyboard.swift */ = {isa = PBXFileReference; fileEncoding = 4; lastKnownFileType = sourcecode.swift; path = Keyboard.swift; sourceTree = "<group>"; };
		5720EE901BC1B00800E4F0CB /* Keyboard.xib */ = {isa = PBXFileReference; fileEncoding = 4; lastKnownFileType = file.xib; path = Keyboard.xib; sourceTree = "<group>"; };
		5720EE911BC1B00800E4F0CB /* KeyboardViewController.swift */ = {isa = PBXFileReference; fileEncoding = 4; lastKnownFileType = sourcecode.swift; path = KeyboardViewController.swift; sourceTree = "<group>"; };
		5720EE921BC1B00800E4F0CB /* KeyboardViewController.xib */ = {isa = PBXFileReference; fileEncoding = 4; lastKnownFileType = file.xib; path = KeyboardViewController.xib; sourceTree = "<group>"; };
		5720EE931BC1B00800E4F0CB /* Row.swift */ = {isa = PBXFileReference; fileEncoding = 4; lastKnownFileType = sourcecode.swift; path = Row.swift; sourceTree = "<group>"; };
		5720EE941BC1B00800E4F0CB /* Row10.xib */ = {isa = PBXFileReference; fileEncoding = 4; lastKnownFileType = file.xib; path = Row10.xib; sourceTree = "<group>"; };
		5720EE951BC1B00800E4F0CB /* RowControls.xib */ = {isa = PBXFileReference; fileEncoding = 4; lastKnownFileType = file.xib; path = RowControls.xib; sourceTree = "<group>"; };
		5720EEAD1BC1C8AA00E4F0CB /* UIView+Constraints.swift */ = {isa = PBXFileReference; fileEncoding = 4; lastKnownFileType = sourcecode.swift; path = "UIView+Constraints.swift"; sourceTree = "<group>"; };
		5720EEB01BC1CD2D00E4F0CB /* Characters.swift */ = {isa = PBXFileReference; fileEncoding = 4; lastKnownFileType = sourcecode.swift; path = Characters.swift; sourceTree = "<group>"; };
		5720EEB41BC21CAF00E4F0CB /* Row9.xib */ = {isa = PBXFileReference; fileEncoding = 4; lastKnownFileType = file.xib; path = Row9.xib; sourceTree = "<group>"; };
/* End PBXFileReference section */

/* Begin PBXFrameworksBuildPhase section */
		5720EE511BC1ACE900E4F0CB /* Frameworks */ = {
			isa = PBXFrameworksBuildPhase;
			buildActionMask = 2147483647;
			files = (
			);
			runOnlyForDeploymentPostprocessing = 0;
		};
		5720EE6A1BC1AD3D00E4F0CB /* Frameworks */ = {
			isa = PBXFrameworksBuildPhase;
			buildActionMask = 2147483647;
			files = (
			);
			runOnlyForDeploymentPostprocessing = 0;
		};
/* End PBXFrameworksBuildPhase section */

/* Begin PBXGroup section */
		5720EE4B1BC1ACE900E4F0CB = {
			isa = PBXGroup;
			children = (
				5720EEB31BC1CD4300E4F0CB /* Extensions */,
				5720EE791BC1AFEE00E4F0CB /* Common */,
				5720EE561BC1ACE900E4F0CB /* ProKeyboard */,
				5720EE6E1BC1AD3D00E4F0CB /* Keyboard */,
				5720EE551BC1ACE900E4F0CB /* Products */,
			);
			sourceTree = "<group>";
		};
		5720EE551BC1ACE900E4F0CB /* Products */ = {
			isa = PBXGroup;
			children = (
				5720EE541BC1ACE900E4F0CB /* ProKeyboard.app */,
				5720EE6D1BC1AD3D00E4F0CB /* Keyboard.appex */,
			);
			name = Products;
			sourceTree = "<group>";
		};
		5720EE561BC1ACE900E4F0CB /* ProKeyboard */ = {
			isa = PBXGroup;
			children = (
				5720EE571BC1ACE900E4F0CB /* AppDelegate.swift */,
				5720EE591BC1ACE900E4F0CB /* ViewController.swift */,
				5720EE5B1BC1ACE900E4F0CB /* Main.storyboard */,
				5720EE5E1BC1ACE900E4F0CB /* Assets.xcassets */,
				5720EE601BC1ACE900E4F0CB /* LaunchScreen.storyboard */,
				5720EE631BC1ACE900E4F0CB /* Info.plist */,
			);
			path = ProKeyboard;
			sourceTree = "<group>";
		};
		5720EE6E1BC1AD3D00E4F0CB /* Keyboard */ = {
			isa = PBXGroup;
			children = (
				5720EEA91BC1B04D00E4F0CB /* KeyboardViewController */,
				5720EEAA1BC1B05D00E4F0CB /* Keyboard */,
				5720EEAB1BC1B06A00E4F0CB /* Row */,
				5720EEAC1BC1B07400E4F0CB /* Key */,
				5720EE8E1BC1B00800E4F0CB /* KeyArt.xcassets */,
				5720EE711BC1AD3D00E4F0CB /* Info.plist */,
			);
			path = Keyboard;
			sourceTree = "<group>";
		};
		5720EE791BC1AFEE00E4F0CB /* Common */ = {
			isa = PBXGroup;
			children = (
				5720EE7A1BC1AFEE00E4F0CB /* Config.swift */,
				5720EE7B1BC1AFEE00E4F0CB /* Debug.swift */,
				5720EE7C1BC1AFEE00E4F0CB /* Debugger.swift */,
				5720EE7D1BC1AFEE00E4F0CB /* Dispatch.swift */,
				5720EE7E1BC1AFEE00E4F0CB /* EasyCast.swift */,
				5720EE7F1BC1AFEE00E4F0CB /* Load.swift */,
				5720EE821BC1AFEE00E4F0CB /* ViewContainer.swift */,
				5720EEB01BC1CD2D00E4F0CB /* Characters.swift */,
			);
			path = Common;
			sourceTree = "<group>";
		};
		5720EEA91BC1B04D00E4F0CB /* KeyboardViewController */ = {
			isa = PBXGroup;
			children = (
				5720EE911BC1B00800E4F0CB /* KeyboardViewController.swift */,
				5720EE921BC1B00800E4F0CB /* KeyboardViewController.xib */,
			);
			name = KeyboardViewController;
			sourceTree = "<group>";
		};
		5720EEAA1BC1B05D00E4F0CB /* Keyboard */ = {
			isa = PBXGroup;
			children = (
				5720EE8F1BC1B00800E4F0CB /* Keyboard.swift */,
				5720EE901BC1B00800E4F0CB /* Keyboard.xib */,
			);
			name = Keyboard;
			sourceTree = "<group>";
		};
		5720EEAB1BC1B06A00E4F0CB /* Row */ = {
			isa = PBXGroup;
			children = (
				5720EE931BC1B00800E4F0CB /* Row.swift */,
				5720EEB41BC21CAF00E4F0CB /* Row9.xib */,
				5720EE941BC1B00800E4F0CB /* Row10.xib */,
				5720EE951BC1B00800E4F0CB /* RowControls.xib */,
			);
			name = Row;
			sourceTree = "<group>";
		};
		5720EEAC1BC1B07400E4F0CB /* Key */ = {
			isa = PBXGroup;
			children = (
				5720EE8C1BC1B00800E4F0CB /* Key.swift */,
				5720EE8D1BC1B00800E4F0CB /* Key.xib */,
			);
			name = Key;
			sourceTree = "<group>";
		};
		5720EEB31BC1CD4300E4F0CB /* Extensions */ = {
			isa = PBXGroup;
			children = (
				5720EE801BC1AFEE00E4F0CB /* String+Extension.swift */,
				5720EE811BC1AFEE00E4F0CB /* UIColor+Extensions.swift */,
				5720EEAD1BC1C8AA00E4F0CB /* UIView+Constraints.swift */,
			);
			name = Extensions;
			path = Common;
			sourceTree = "<group>";
		};
/* End PBXGroup section */

/* Begin PBXNativeTarget section */
		5720EE531BC1ACE900E4F0CB /* ProKeyboard */ = {
			isa = PBXNativeTarget;
			buildConfigurationList = 5720EE661BC1ACE900E4F0CB /* Build configuration list for PBXNativeTarget "ProKeyboard" */;
			buildPhases = (
				5720EE501BC1ACE900E4F0CB /* Sources */,
				5720EE511BC1ACE900E4F0CB /* Frameworks */,
				5720EE521BC1ACE900E4F0CB /* Resources */,
				5720EE781BC1AD3D00E4F0CB /* Embed App Extensions */,
			);
			buildRules = (
			);
			dependencies = (
				5720EE731BC1AD3D00E4F0CB /* PBXTargetDependency */,
			);
			name = ProKeyboard;
			productName = ProKeyboard;
			productReference = 5720EE541BC1ACE900E4F0CB /* ProKeyboard.app */;
			productType = "com.apple.product-type.application";
		};
		5720EE6C1BC1AD3D00E4F0CB /* Keyboard */ = {
			isa = PBXNativeTarget;
			buildConfigurationList = 5720EE751BC1AD3D00E4F0CB /* Build configuration list for PBXNativeTarget "Keyboard" */;
			buildPhases = (
				5720EE691BC1AD3D00E4F0CB /* Sources */,
				5720EE6A1BC1AD3D00E4F0CB /* Frameworks */,
				5720EE6B1BC1AD3D00E4F0CB /* Resources */,
			);
			buildRules = (
			);
			dependencies = (
			);
			name = Keyboard;
			productName = Keyboard;
			productReference = 5720EE6D1BC1AD3D00E4F0CB /* Keyboard.appex */;
			productType = "com.apple.product-type.app-extension";
		};
/* End PBXNativeTarget section */

/* Begin PBXProject section */
		5720EE4C1BC1ACE900E4F0CB /* Project object */ = {
			isa = PBXProject;
			attributes = {
				LastSwiftUpdateCheck = 0700;
				LastUpgradeCheck = 0700;
				ORGANIZATIONNAME = DRG;
				TargetAttributes = {
					5720EE531BC1ACE900E4F0CB = {
						CreatedOnToolsVersion = 7.0.1;
					};
					5720EE6C1BC1AD3D00E4F0CB = {
						CreatedOnToolsVersion = 7.0.1;
					};
				};
			};
			buildConfigurationList = 5720EE4F1BC1ACE900E4F0CB /* Build configuration list for PBXProject "ProKeyboard" */;
			compatibilityVersion = "Xcode 3.2";
			developmentRegion = English;
			hasScannedForEncodings = 0;
			knownRegions = (
				en,
				Base,
			);
			mainGroup = 5720EE4B1BC1ACE900E4F0CB;
			productRefGroup = 5720EE551BC1ACE900E4F0CB /* Products */;
			projectDirPath = "";
			projectRoot = "";
			targets = (
				5720EE531BC1ACE900E4F0CB /* ProKeyboard */,
				5720EE6C1BC1AD3D00E4F0CB /* Keyboard */,
			);
		};
/* End PBXProject section */

/* Begin PBXResourcesBuildPhase section */
		5720EE521BC1ACE900E4F0CB /* Resources */ = {
			isa = PBXResourcesBuildPhase;
			buildActionMask = 2147483647;
			files = (
				5720EE621BC1ACE900E4F0CB /* LaunchScreen.storyboard in Resources */,
				5720EE5F1BC1ACE900E4F0CB /* Assets.xcassets in Resources */,
				5720EE5D1BC1ACE900E4F0CB /* Main.storyboard in Resources */,
			);
			runOnlyForDeploymentPostprocessing = 0;
		};
		5720EE6B1BC1AD3D00E4F0CB /* Resources */ = {
			isa = PBXResourcesBuildPhase;
			buildActionMask = 2147483647;
			files = (
				5720EEB51BC21CAF00E4F0CB /* Row9.xib in Resources */,
				5720EE9E1BC1B00800E4F0CB /* Row10.xib in Resources */,
				5720EE9A1BC1B00800E4F0CB /* Keyboard.xib in Resources */,
				5720EE971BC1B00800E4F0CB /* Key.xib in Resources */,
				5720EE981BC1B00800E4F0CB /* KeyArt.xcassets in Resources */,
				5720EE9C1BC1B00800E4F0CB /* KeyboardViewController.xib in Resources */,
				5720EE9F1BC1B00800E4F0CB /* RowControls.xib in Resources */,
			);
			runOnlyForDeploymentPostprocessing = 0;
		};
/* End PBXResourcesBuildPhase section */

/* Begin PBXSourcesBuildPhase section */
		5720EE501BC1ACE900E4F0CB /* Sources */ = {
			isa = PBXSourcesBuildPhase;
			buildActionMask = 2147483647;
			files = (
				5720EE8B1BC1AFEE00E4F0CB /* ViewContainer.swift in Sources */,
				5720EE5A1BC1ACE900E4F0CB /* ViewController.swift in Sources */,
				5720EE8A1BC1AFEE00E4F0CB /* UIColor+Extensions.swift in Sources */,
				5720EEAE1BC1C8AA00E4F0CB /* UIView+Constraints.swift in Sources */,
				5720EEB11BC1CD2D00E4F0CB /* Characters.swift in Sources */,
				5720EE891BC1AFEE00E4F0CB /* String+Extension.swift in Sources */,
				5720EE841BC1AFEE00E4F0CB /* Debug.swift in Sources */,
				5720EE581BC1ACE900E4F0CB /* AppDelegate.swift in Sources */,
				5720EE861BC1AFEE00E4F0CB /* Dispatch.swift in Sources */,
				5720EE851BC1AFEE00E4F0CB /* Debugger.swift in Sources */,
				5720EE881BC1AFEE00E4F0CB /* Load.swift in Sources */,
				5720EE831BC1AFEE00E4F0CB /* Config.swift in Sources */,
				5720EE871BC1AFEE00E4F0CB /* EasyCast.swift in Sources */,
			);
			runOnlyForDeploymentPostprocessing = 0;
		};
		5720EE691BC1AD3D00E4F0CB /* Sources */ = {
			isa = PBXSourcesBuildPhase;
			buildActionMask = 2147483647;
			files = (
				5720EE9D1BC1B00800E4F0CB /* Row.swift in Sources */,
				5720EEA61BC1B02F00E4F0CB /* String+Extension.swift in Sources */,
				5720EEA51BC1B02F00E4F0CB /* Load.swift in Sources */,
				5720EEAF1BC1C8AA00E4F0CB /* UIView+Constraints.swift in Sources */,
				5720EEB21BC1CD2D00E4F0CB /* Characters.swift in Sources */,
				5720EEA31BC1B02F00E4F0CB /* Dispatch.swift in Sources */,
				5720EEA21BC1B02F00E4F0CB /* Debugger.swift in Sources */,
				5720EEA41BC1B02F00E4F0CB /* EasyCast.swift in Sources */,
				5720EEA11BC1B02F00E4F0CB /* Debug.swift in Sources */,
				5720EEA71BC1B02F00E4F0CB /* UIColor+Extensions.swift in Sources */,
				5720EE991BC1B00800E4F0CB /* Keyboard.swift in Sources */,
				5720EEA01BC1B02F00E4F0CB /* Config.swift in Sources */,
				5720EE9B1BC1B00800E4F0CB /* KeyboardViewController.swift in Sources */,
				5720EE961BC1B00800E4F0CB /* Key.swift in Sources */,
				5720EEA81BC1B02F00E4F0CB /* ViewContainer.swift in Sources */,
			);
			runOnlyForDeploymentPostprocessing = 0;
		};
/* End PBXSourcesBuildPhase section */

/* Begin PBXTargetDependency section */
		5720EE731BC1AD3D00E4F0CB /* PBXTargetDependency */ = {
			isa = PBXTargetDependency;
			target = 5720EE6C1BC1AD3D00E4F0CB /* Keyboard */;
			targetProxy = 5720EE721BC1AD3D00E4F0CB /* PBXContainerItemProxy */;
		};
/* End PBXTargetDependency section */

/* Begin PBXVariantGroup section */
		5720EE5B1BC1ACE900E4F0CB /* Main.storyboard */ = {
			isa = PBXVariantGroup;
			children = (
				5720EE5C1BC1ACE900E4F0CB /* Base */,
			);
			name = Main.storyboard;
			sourceTree = "<group>";
		};
		5720EE601BC1ACE900E4F0CB /* LaunchScreen.storyboard */ = {
			isa = PBXVariantGroup;
			children = (
				5720EE611BC1ACE900E4F0CB /* Base */,
			);
			name = LaunchScreen.storyboard;
			sourceTree = "<group>";
		};
/* End PBXVariantGroup section */

/* Begin XCBuildConfiguration section */
		5720EE641BC1ACE900E4F0CB /* Debug */ = {
			isa = XCBuildConfiguration;
			buildSettings = {
				ALWAYS_SEARCH_USER_PATHS = NO;
				CLANG_CXX_LANGUAGE_STANDARD = "gnu++0x";
				CLANG_CXX_LIBRARY = "libc++";
				CLANG_ENABLE_MODULES = YES;
				CLANG_ENABLE_OBJC_ARC = YES;
				CLANG_WARN_BOOL_CONVERSION = YES;
				CLANG_WARN_CONSTANT_CONVERSION = YES;
				CLANG_WARN_DIRECT_OBJC_ISA_USAGE = YES_ERROR;
				CLANG_WARN_EMPTY_BODY = YES;
				CLANG_WARN_ENUM_CONVERSION = YES;
				CLANG_WARN_INT_CONVERSION = YES;
				CLANG_WARN_OBJC_ROOT_CLASS = YES_ERROR;
				CLANG_WARN_UNREACHABLE_CODE = YES;
				CLANG_WARN__DUPLICATE_METHOD_MATCH = YES;
				"CODE_SIGN_IDENTITY[sdk=iphoneos*]" = "iPhone Developer";
				COPY_PHASE_STRIP = NO;
				DEBUG_INFORMATION_FORMAT = dwarf;
				ENABLE_STRICT_OBJC_MSGSEND = YES;
				ENABLE_TESTABILITY = YES;
				GCC_C_LANGUAGE_STANDARD = gnu99;
				GCC_DYNAMIC_NO_PIC = NO;
				GCC_NO_COMMON_BLOCKS = YES;
				GCC_OPTIMIZATION_LEVEL = 0;
				GCC_PREPROCESSOR_DEFINITIONS = (
					"DEBUG=1",
					"$(inherited)",
				);
				GCC_WARN_64_TO_32_BIT_CONVERSION = YES;
				GCC_WARN_ABOUT_RETURN_TYPE = YES_ERROR;
				GCC_WARN_UNDECLARED_SELECTOR = YES;
				GCC_WARN_UNINITIALIZED_AUTOS = YES_AGGRESSIVE;
				GCC_WARN_UNUSED_FUNCTION = YES;
				GCC_WARN_UNUSED_VARIABLE = YES;
				IPHONEOS_DEPLOYMENT_TARGET = 9.0;
				MTL_ENABLE_DEBUG_INFO = YES;
				ONLY_ACTIVE_ARCH = YES;
				SDKROOT = iphoneos;
				SWIFT_OPTIMIZATION_LEVEL = "-Onone";
			};
			name = Debug;
		};
		5720EE651BC1ACE900E4F0CB /* Release */ = {
			isa = XCBuildConfiguration;
			buildSettings = {
				ALWAYS_SEARCH_USER_PATHS = NO;
				CLANG_CXX_LANGUAGE_STANDARD = "gnu++0x";
				CLANG_CXX_LIBRARY = "libc++";
				CLANG_ENABLE_MODULES = YES;
				CLANG_ENABLE_OBJC_ARC = YES;
				CLANG_WARN_BOOL_CONVERSION = YES;
				CLANG_WARN_CONSTANT_CONVERSION = YES;
				CLANG_WARN_DIRECT_OBJC_ISA_USAGE = YES_ERROR;
				CLANG_WARN_EMPTY_BODY = YES;
				CLANG_WARN_ENUM_CONVERSION = YES;
				CLANG_WARN_INT_CONVERSION = YES;
				CLANG_WARN_OBJC_ROOT_CLASS = YES_ERROR;
				CLANG_WARN_UNREACHABLE_CODE = YES;
				CLANG_WARN__DUPLICATE_METHOD_MATCH = YES;
				"CODE_SIGN_IDENTITY[sdk=iphoneos*]" = "iPhone Developer";
				COPY_PHASE_STRIP = NO;
				DEBUG_INFORMATION_FORMAT = "dwarf-with-dsym";
				ENABLE_NS_ASSERTIONS = NO;
				ENABLE_STRICT_OBJC_MSGSEND = YES;
				GCC_C_LANGUAGE_STANDARD = gnu99;
				GCC_NO_COMMON_BLOCKS = YES;
				GCC_WARN_64_TO_32_BIT_CONVERSION = YES;
				GCC_WARN_ABOUT_RETURN_TYPE = YES_ERROR;
				GCC_WARN_UNDECLARED_SELECTOR = YES;
				GCC_WARN_UNINITIALIZED_AUTOS = YES_AGGRESSIVE;
				GCC_WARN_UNUSED_FUNCTION = YES;
				GCC_WARN_UNUSED_VARIABLE = YES;
				IPHONEOS_DEPLOYMENT_TARGET = 9.0;
				MTL_ENABLE_DEBUG_INFO = NO;
				SDKROOT = iphoneos;
				VALIDATE_PRODUCT = YES;
			};
			name = Release;
		};
		5720EE671BC1ACE900E4F0CB /* Debug */ = {
			isa = XCBuildConfiguration;
			buildSettings = {
				ASSETCATALOG_COMPILER_APPICON_NAME = AppIcon;
				EMBEDDED_CONTENT_CONTAINS_SWIFT = YES;
				INFOPLIST_FILE = ProKeyboard/Info.plist;
				LD_RUNPATH_SEARCH_PATHS = "$(inherited) @executable_path/Frameworks";
				PRODUCT_BUNDLE_IDENTIFIER = com.deadratgames.ProKeyboard;
				PRODUCT_NAME = "$(TARGET_NAME)";
			};
			name = Debug;
		};
		5720EE681BC1ACE900E4F0CB /* Release */ = {
			isa = XCBuildConfiguration;
			buildSettings = {
				ASSETCATALOG_COMPILER_APPICON_NAME = AppIcon;
				EMBEDDED_CONTENT_CONTAINS_SWIFT = YES;
				INFOPLIST_FILE = ProKeyboard/Info.plist;
				LD_RUNPATH_SEARCH_PATHS = "$(inherited) @executable_path/Frameworks";
				PRODUCT_BUNDLE_IDENTIFIER = com.deadratgames.ProKeyboard;
				PRODUCT_NAME = "$(TARGET_NAME)";
			};
			name = Release;
		};
		5720EE761BC1AD3D00E4F0CB /* Debug */ = {
			isa = XCBuildConfiguration;
			buildSettings = {
				CLANG_ENABLE_MODULES = YES;
				INFOPLIST_FILE = Keyboard/Info.plist;
				LD_RUNPATH_SEARCH_PATHS = "$(inherited) @executable_path/Frameworks @executable_path/../../Frameworks";
				PRODUCT_BUNDLE_IDENTIFIER = com.deadratgames.ProKeyboard.Keyboard;
				PRODUCT_NAME = "$(TARGET_NAME)";
				SKIP_INSTALL = YES;
				SWIFT_OPTIMIZATION_LEVEL = "-Onone";
			};
			name = Debug;
		};
		5720EE771BC1AD3D00E4F0CB /* Release */ = {
			isa = XCBuildConfiguration;
			buildSettings = {
				CLANG_ENABLE_MODULES = YES;
				INFOPLIST_FILE = Keyboard/Info.plist;
				LD_RUNPATH_SEARCH_PATHS = "$(inherited) @executable_path/Frameworks @executable_path/../../Frameworks";
				PRODUCT_BUNDLE_IDENTIFIER = com.deadratgames.ProKeyboard.Keyboard;
				PRODUCT_NAME = "$(TARGET_NAME)";
				SKIP_INSTALL = YES;
			};
			name = Release;
		};
/* End XCBuildConfiguration section */

/* Begin XCConfigurationList section */
		5720EE4F1BC1ACE900E4F0CB /* Build configuration list for PBXProject "ProKeyboard" */ = {
			isa = XCConfigurationList;
			buildConfigurations = (
				5720EE641BC1ACE900E4F0CB /* Debug */,
				5720EE651BC1ACE900E4F0CB /* Release */,
			);
			defaultConfigurationIsVisible = 0;
			defaultConfigurationName = Release;
		};
		5720EE661BC1ACE900E4F0CB /* Build configuration list for PBXNativeTarget "ProKeyboard" */ = {
			isa = XCConfigurationList;
			buildConfigurations = (
				5720EE671BC1ACE900E4F0CB /* Debug */,
				5720EE681BC1ACE900E4F0CB /* Release */,
			);
			defaultConfigurationIsVisible = 0;
		};
		5720EE751BC1AD3D00E4F0CB /* Build configuration list for PBXNativeTarget "Keyboard" */ = {
			isa = XCConfigurationList;
			buildConfigurations = (
				5720EE761BC1AD3D00E4F0CB /* Debug */,
				5720EE771BC1AD3D00E4F0CB /* Release */,
			);
			defaultConfigurationIsVisible = 0;
		};
/* End XCConfigurationList section */
	};
	rootObject = 5720EE4C1BC1ACE900E4F0CB /* Project object */;
}
